{
  "object": {
    "pins": [
      {
        "package": "Alpacka",
        "repositoryURL": "https://github.com/ejjonny/alpacka",
        "state": {
          "branch": null,
          "revision": "104f224c080ccf2c346469f6ec0e0d5b49b9bf95",
          "version": "1.0.0"
        }
      }
    ]
  },
  "version": 1
}
